
Microsoft Visual Studio Solution File, Format Version 12.00
# Visual Studio 2012
Project("{FAE04EC0-301F-11D3-BF4B-00C04F79EFBC}") = "JobSearch", "JobSearch\JobSearch.csproj", "{3CDE93E3-8F3B-4342-A835-127E45ECA02C}"
EndProject
Project("{FAE04EC0-301F-11D3-BF4B-00C04F79EFBC}") = "JobSearch.Web", "JobSearch.Web\JobSearch.Web.csproj", "{1B3F1C7D-8272-4315-9AD1-CFCB8A5AF92A}"
EndProject
Project("{FAE04EC0-301F-11D3-BF4B-00C04F79EFBC}") = "JobSearch.Web.Tests", "JobSearch.Web.Tests\JobSearch.Web.Tests.csproj", "{409F751F-D740-411C-80CC-836117E31740}"
EndProject
Project("{2150E333-8FDC-42A3-9474-1A3956D46DE8}") = "Database", "Database", "{488A264F-52FA-415B-846C-8EA10E6E75BA}"
	ProjectSection(SolutionItems) = preProject
		database\CreateDB.sql = database\CreateDB.sql
	EndProjectSection
EndProject
Project("{FAE04EC0-301F-11D3-BF4B-00C04F79EFBC}") = "JobSearch.Serialization", "JobSearch.Serialization\JobSearch.Serialization.csproj", "{2658F2AD-3E99-4654-ABEA-7AD16A1FC31B}"
EndProject
Project("{FAE04EC0-301F-11D3-BF4B-00C04F79EFBC}") = "JobSearch.Core", "JobSearch.Core\JobSearch.Core.csproj", "{F612A20F-8CEF-4987-BF5F-2759EDCFB200}"
EndProject
Project("{FAE04EC0-301F-11D3-BF4B-00C04F79EFBC}") = "JobSearch.Test", "JobSearch.Test\JobSearch.Test.csproj", "{2AE137DC-DEC3-45F9-9E63-A69A18AEF2D2}"
EndProject
Project("{2150E333-8FDC-42A3-9474-1A3956D46DE8}") = "Tests", "Tests", "{A85014FE-DDF2-4DC1-9D13-8826FBF2F35B}"
EndProject
Project("{FAE04EC0-301F-11D3-BF4B-00C04F79EFBC}") = "JobSearch.Serialization.Test", "JobSearch.Serialization.Test\JobSearch.Serialization.Test.csproj", "{0E661EC7-66C9-4EC7-A193-16133527B5BF}"
EndProject
Global
	GlobalSection(SolutionConfigurationPlatforms) = preSolution
		Debug|Any CPU = Debug|Any CPU
		Release|Any CPU = Release|Any CPU
	EndGlobalSection
	GlobalSection(ProjectConfigurationPlatforms) = postSolution
		{3CDE93E3-8F3B-4342-A835-127E45ECA02C}.Debug|Any CPU.ActiveCfg = Debug|Any CPU
		{3CDE93E3-8F3B-4342-A835-127E45ECA02C}.Debug|Any CPU.Build.0 = Debug|Any CPU
		{3CDE93E3-8F3B-4342-A835-127E45ECA02C}.Release|Any CPU.ActiveCfg = Release|Any CPU
		{3CDE93E3-8F3B-4342-A835-127E45ECA02C}.Release|Any CPU.Build.0 = Release|Any CPU
		{1B3F1C7D-8272-4315-9AD1-CFCB8A5AF92A}.Debug|Any CPU.ActiveCfg = Debug|Any CPU
		{1B3F1C7D-8272-4315-9AD1-CFCB8A5AF92A}.Debug|Any CPU.Build.0 = Debug|Any CPU
		{1B3F1C7D-8272-4315-9AD1-CFCB8A5AF92A}.Release|Any CPU.ActiveCfg = Release|Any CPU
		{1B3F1C7D-8272-4315-9AD1-CFCB8A5AF92A}.Release|Any CPU.Build.0 = Release|Any CPU
		{409F751F-D740-411C-80CC-836117E31740}.Debug|Any CPU.ActiveCfg = Debug|Any CPU
		{409F751F-D740-411C-80CC-836117E31740}.Debug|Any CPU.Build.0 = Debug|Any CPU
		{409F751F-D740-411C-80CC-836117E31740}.Release|Any CPU.ActiveCfg = Release|Any CPU
		{409F751F-D740-411C-80CC-836117E31740}.Release|Any CPU.Build.0 = Release|Any CPU
		{2658F2AD-3E99-4654-ABEA-7AD16A1FC31B}.Debug|Any CPU.ActiveCfg = Debug|Any CPU
		{2658F2AD-3E99-4654-ABEA-7AD16A1FC31B}.Debug|Any CPU.Build.0 = Debug|Any CPU
		{2658F2AD-3E99-4654-ABEA-7AD16A1FC31B}.Release|Any CPU.ActiveCfg = Release|Any CPU
		{2658F2AD-3E99-4654-ABEA-7AD16A1FC31B}.Release|Any CPU.Build.0 = Release|Any CPU
		{F612A20F-8CEF-4987-BF5F-2759EDCFB200}.Debug|Any CPU.ActiveCfg = Debug|Any CPU
		{F612A20F-8CEF-4987-BF5F-2759EDCFB200}.Debug|Any CPU.Build.0 = Debug|Any CPU
		{F612A20F-8CEF-4987-BF5F-2759EDCFB200}.Release|Any CPU.ActiveCfg = Release|Any CPU
		{F612A20F-8CEF-4987-BF5F-2759EDCFB200}.Release|Any CPU.Build.0 = Release|Any CPU
		{2AE137DC-DEC3-45F9-9E63-A69A18AEF2D2}.Debug|Any CPU.ActiveCfg = Debug|Any CPU
		{2AE137DC-DEC3-45F9-9E63-A69A18AEF2D2}.Debug|Any CPU.Build.0 = Debug|Any CPU
		{2AE137DC-DEC3-45F9-9E63-A69A18AEF2D2}.Release|Any CPU.ActiveCfg = Release|Any CPU
		{2AE137DC-DEC3-45F9-9E63-A69A18AEF2D2}.Release|Any CPU.Build.0 = Release|Any CPU
		{0E661EC7-66C9-4EC7-A193-16133527B5BF}.Debug|Any CPU.ActiveCfg = Debug|Any CPU
		{0E661EC7-66C9-4EC7-A193-16133527B5BF}.Debug|Any CPU.Build.0 = Debug|Any CPU
		{0E661EC7-66C9-4EC7-A193-16133527B5BF}.Release|Any CPU.ActiveCfg = Release|Any CPU
		{0E661EC7-66C9-4EC7-A193-16133527B5BF}.Release|Any CPU.Build.0 = Release|Any CPU
	EndGlobalSection
	GlobalSection(SolutionProperties) = preSolution
		HideSolutionNode = FALSE
	EndGlobalSection
	GlobalSection(NestedProjects) = preSolution
		{2AE137DC-DEC3-45F9-9E63-A69A18AEF2D2} = {A85014FE-DDF2-4DC1-9D13-8826FBF2F35B}
		{409F751F-D740-411C-80CC-836117E31740} = {A85014FE-DDF2-4DC1-9D13-8826FBF2F35B}
		{0E661EC7-66C9-4EC7-A193-16133527B5BF} = {A85014FE-DDF2-4DC1-9D13-8826FBF2F35B}
	EndGlobalSection
EndGlobal
